// !$*UTF8*$!
{
	archiveVersion = 1;
	classes = {
	};
	objectVersion = 46;
	objects = {

/* Begin PBXBuildFile section */
		2ADC66621C9822C100E5FF7D /* main.m in Sources */ = {isa = PBXBuildFile; fileRef = 2ADC66611C9822C100E5FF7D /* main.m */; };
		2ADC66651C9822C100E5FF7D /* AppDelegate.m in Sources */ = {isa = PBXBuildFile; fileRef = 2ADC66641C9822C100E5FF7D /* AppDelegate.m */; };
		2ADC66681C9822C100E5FF7D /* ViewController.m in Sources */ = {isa = PBXBuildFile; fileRef = 2ADC66671C9822C100E5FF7D /* ViewController.m */; };
		2ADC666B1C9822C100E5FF7D /* Main.storyboard in Resources */ = {isa = PBXBuildFile; fileRef = 2ADC66691C9822C100E5FF7D /* Main.storyboard */; };
		2ADC666E1C9822C100E5FF7D /* WebViewSample.xcdatamodeld in Sources */ = {isa = PBXBuildFile; fileRef = 2ADC666C1C9822C100E5FF7D /* WebViewSample.xcdatamodeld */; };
		2ADC66701C9822C100E5FF7D /* Assets.xcassets in Resources */ = {isa = PBXBuildFile; fileRef = 2ADC666F1C9822C100E5FF7D /* Assets.xcassets */; };
		2ADC66731C9822C100E5FF7D /* LaunchScreen.storyboard in Resources */ = {isa = PBXBuildFile; fileRef = 2ADC66711C9822C100E5FF7D /* LaunchScreen.storyboard */; };
		2ADC667E1C9822C100E5FF7D /* WebViewSampleTests.m in Sources */ = {isa = PBXBuildFile; fileRef = 2ADC667D1C9822C100E5FF7D /* WebViewSampleTests.m */; };
		2ADC66891C9822C100E5FF7D /* WebViewSampleUITests.m in Sources */ = {isa = PBXBuildFile; fileRef = 2ADC66881C9822C100E5FF7D /* WebViewSampleUITests.m */; };
/* End PBXBuildFile section */

/* Begin PBXContainerItemProxy section */
		2ADC667A1C9822C100E5FF7D /* PBXContainerItemProxy */ = {
			isa = PBXContainerItemProxy;
			containerPortal = 2ADC66551C9822C100E5FF7D /* Project object */;
			proxyType = 1;
			remoteGlobalIDString = 2ADC665C1C9822C100E5FF7D;
			remoteInfo = WebViewSample;
		};
		2ADC66851C9822C100E5FF7D /* PBXContainerItemProxy */ = {
			isa = PBXContainerItemProxy;
			containerPortal = 2ADC66551C9822C100E5FF7D /* Project object */;
			proxyType = 1;
			remoteGlobalIDString = 2ADC665C1C9822C100E5FF7D;
			remoteInfo = WebViewSample;
		};
/* End PBXContainerItemProxy section */

/* Begin PBXFileReference section */
		2ADC665D1C9822C100E5FF7D /* WebViewSample.app */ = {isa = PBXFileReference; explicitFileType = wrapper.application; includeInIndex = 0; path = WebViewSample.app; sourceTree = BUILT_PRODUCTS_DIR; };
		2ADC66611C9822C100E5FF7D /* main.m */ = {isa = PBXFileReference; lastKnownFileType = sourcecode.c.objc; path = main.m; sourceTree = "<group>"; };
		2ADC66631C9822C100E5FF7D /* AppDelegate.h */ = {isa = PBXFileReference; lastKnownFileType = sourcecode.c.h; path = AppDelegate.h; sourceTree = "<group>"; };
		2ADC66641C9822C100E5FF7D /* AppDelegate.m */ = {isa = PBXFileReference; lastKnownFileType = sourcecode.c.objc; path = AppDelegate.m; sourceTree = "<group>"; };
		2ADC66661C9822C100E5FF7D /* ViewController.h */ = {isa = PBXFileReference; lastKnownFileType = sourcecode.c.h; path = ViewController.h; sourceTree = "<group>"; };
		2ADC66671C9822C100E5FF7D /* ViewController.m */ = {isa = PBXFileReference; lastKnownFileType = sourcecode.c.objc; path = ViewController.m; sourceTree = "<group>"; };
		2ADC666A1C9822C100E5FF7D /* Base */ = {isa = PBXFileReference; lastKnownFileType = file.storyboard; name = Base; path = Base.lproj/Main.storyboard; sourceTree = "<group>"; };
		2ADC666D1C9822C100E5FF7D /* WebViewSample.xcdatamodel */ = {isa = PBXFileReference; lastKnownFileType = wrapper.xcdatamodel; path = WebViewSample.xcdatamodel; sourceTree = "<group>"; };
		2ADC666F1C9822C100E5FF7D /* Assets.xcassets */ = {isa = PBXFileReference; lastKnownFileType = folder.assetcatalog; path = Assets.xcassets; sourceTree = "<group>"; };
		2ADC66721C9822C100E5FF7D /* Base */ = {isa = PBXFileReference; lastKnownFileType = file.storyboard; name = Base; path = Base.lproj/LaunchScreen.storyboard; sourceTree = "<group>"; };
		2ADC66741C9822C100E5FF7D /* Info.plist */ = {isa = PBXFileReference; lastKnownFileType = text.plist.xml; path = Info.plist; sourceTree = "<group>"; };
		2ADC66791C9822C100E5FF7D /* WebViewSampleTests.xctest */ = {isa = PBXFileReference; explicitFileType = wrapper.cfbundle; includeInIndex = 0; path = WebViewSampleTests.xctest; sourceTree = BUILT_PRODUCTS_DIR; };
		2ADC667D1C9822C100E5FF7D /* WebViewSampleTests.m */ = {isa = PBXFileReference; lastKnownFileType = sourcecode.c.objc; path = WebViewSampleTests.m; sourceTree = "<group>"; };
		2ADC667F1C9822C100E5FF7D /* Info.plist */ = {isa = PBXFileReference; lastKnownFileType = text.plist.xml; path = Info.plist; sourceTree = "<group>"; };
		2ADC66841C9822C100E5FF7D /* WebViewSampleUITests.xctest */ = {isa = PBXFileReference; explicitFileType = wrapper.cfbundle; includeInIndex = 0; path = WebViewSampleUITests.xctest; sourceTree = BUILT_PRODUCTS_DIR; };
		2ADC66881C9822C100E5FF7D /* WebViewSampleUITests.m */ = {isa = PBXFileReference; lastKnownFileType = sourcecode.c.objc; path = WebViewSampleUITests.m; sourceTree = "<group>"; };
		2ADC668A1C9822C100E5FF7D /* Info.plist */ = {isa = PBXFileReference; lastKnownFileType = text.plist.xml; path = Info.plist; sourceTree = "<group>"; };
/* End PBXFileReference section */

/* Begin PBXFrameworksBuildPhase section */
		2ADC665A1C9822C100E5FF7D /* Frameworks */ = {
			isa = PBXFrameworksBuildPhase;
			buildActionMask = 2147483647;
			files = (
			);
			runOnlyForDeploymentPostprocessing = 0;
		};
		2ADC66761C9822C100E5FF7D /* Frameworks */ = {
			isa = PBXFrameworksBuildPhase;
			buildActionMask = 2147483647;
			files = (
			);
			runOnlyForDeploymentPostprocessing = 0;
		};
		2ADC66811C9822C100E5FF7D /* Frameworks */ = {
			isa = PBXFrameworksBuildPhase;
			buildActionMask = 2147483647;
			files = (
			);
			runOnlyForDeploymentPostprocessing = 0;
		};
/* End PBXFrameworksBuildPhase section */

/* Begin PBXGroup section */
		2ADC66541C9822C100E5FF7D = {
			isa = PBXGroup;
			children = (
				2ADC665F1C9822C100E5FF7D /* WebViewSample */,
				2ADC667C1C9822C100E5FF7D /* WebViewSampleTests */,
				2ADC66871C9822C100E5FF7D /* WebViewSampleUITests */,
				2ADC665E1C9822C100E5FF7D /* Products */,
			);
			sourceTree = "<group>";
		};
		2ADC665E1C9822C100E5FF7D /* Products */ = {
			isa = PBXGroup;
			children = (
				2ADC665D1C9822C100E5FF7D /* WebViewSample.app */,
				2ADC66791C9822C100E5FF7D /* WebViewSampleTests.xctest */,
				2ADC66841C9822C100E5FF7D /* WebViewSampleUITests.xctest */,
			);
			name = Products;
			sourceTree = "<group>";
		};
		2ADC665F1C9822C100E5FF7D /* WebViewSample */ = {
			isa = PBXGroup;
			children = (
				2ADC66631C9822C100E5FF7D /* AppDelegate.h */,
				2ADC66641C9822C100E5FF7D /* AppDelegate.m */,
				2ADC66661C9822C100E5FF7D /* ViewController.h */,
				2ADC66671C9822C100E5FF7D /* ViewController.m */,
				2ADC66691C9822C100E5FF7D /* Main.storyboard */,
				2ADC666F1C9822C100E5FF7D /* Assets.xcassets */,
				2ADC66711C9822C100E5FF7D /* LaunchScreen.storyboard */,
				2ADC66741C9822C100E5FF7D /* Info.plist */,
				2ADC666C1C9822C100E5FF7D /* WebViewSample.xcdatamodeld */,
				2ADC66601C9822C100E5FF7D /* Supporting Files */,
			);
			path = WebViewSample;
			sourceTree = "<group>";
		};
		2ADC66601C9822C100E5FF7D /* Supporting Files */ = {
			isa = PBXGroup;
			children = (
				2ADC66611C9822C100E5FF7D /* main.m */,
			);
			name = "Supporting Files";
			sourceTree = "<group>";
		};
		2ADC667C1C9822C100E5FF7D /* WebViewSampleTests */ = {
			isa = PBXGroup;
			children = (
				2ADC667D1C9822C100E5FF7D /* WebViewSampleTests.m */,
				2ADC667F1C9822C100E5FF7D /* Info.plist */,
			);
			path = WebViewSampleTests;
			sourceTree = "<group>";
		};
		2ADC66871C9822C100E5FF7D /* WebViewSampleUITests */ = {
			isa = PBXGroup;
			children = (
				2ADC66881C9822C100E5FF7D /* WebViewSampleUITests.m */,
				2ADC668A1C9822C100E5FF7D /* Info.plist */,
			);
			path = WebViewSampleUITests;
			sourceTree = "<group>";
		};
/* End PBXGroup section */

/* Begin PBXNativeTarget section */
		2ADC665C1C9822C100E5FF7D /* WebViewSample */ = {
			isa = PBXNativeTarget;
			buildConfigurationList = 2ADC668D1C9822C100E5FF7D /* Build configuration list for PBXNativeTarget "WebViewSample" */;
			buildPhases = (
				2ADC66591C9822C100E5FF7D /* Sources */,
				2ADC665A1C9822C100E5FF7D /* Frameworks */,
				2ADC665B1C9822C100E5FF7D /* Resources */,
			);
			buildRules = (
			);
			dependencies = (
			);
			name = WebViewSample;
			productName = WebViewSample;
			productReference = 2ADC665D1C9822C100E5FF7D /* WebViewSample.app */;
			productType = "com.apple.product-type.application";
		};
		2ADC66781C9822C100E5FF7D /* WebViewSampleTests */ = {
			isa = PBXNativeTarget;
			buildConfigurationList = 2ADC66901C9822C100E5FF7D /* Build configuration list for PBXNativeTarget "WebViewSampleTests" */;
			buildPhases = (
				2ADC66751C9822C100E5FF7D /* Sources */,
				2ADC66761C9822C100E5FF7D /* Frameworks */,
				2ADC66771C9822C100E5FF7D /* Resources */,
			);
			buildRules = (
			);
			dependencies = (
				2ADC667B1C9822C100E5FF7D /* PBXTargetDependency */,
			);
			name = WebViewSampleTests;
			productName = WebViewSampleTests;
			productReference = 2ADC66791C9822C100E5FF7D /* WebViewSampleTests.xctest */;
			productType = "com.apple.product-type.bundle.unit-test";
		};
		2ADC66831C9822C100E5FF7D /* WebViewSampleUITests */ = {
			isa = PBXNativeTarget;
			buildConfigurationList = 2ADC66931C9822C100E5FF7D /* Build configuration list for PBXNativeTarget "WebViewSampleUITests" */;
			buildPhases = (
				2ADC66801C9822C100E5FF7D /* Sources */,
				2ADC66811C9822C100E5FF7D /* Frameworks */,
				2ADC66821C9822C100E5FF7D /* Resources */,
			);
			buildRules = (
			);
			dependencies = (
				2ADC66861C9822C100E5FF7D /* PBXTargetDependency */,
			);
			name = WebViewSampleUITests;
			productName = WebViewSampleUITests;
			productReference = 2ADC66841C9822C100E5FF7D /* WebViewSampleUITests.xctest */;
			productType = "com.apple.product-type.bundle.ui-testing";
		};
/* End PBXNativeTarget section */

/* Begin PBXProject section */
		2ADC66551C9822C100E5FF7D /* Project object */ = {
			isa = PBXProject;
			attributes = {
				LastUpgradeCheck = 0720;
				ORGANIZATIONNAME = "Constantine Mars";
				TargetAttributes = {
					2ADC665C1C9822C100E5FF7D = {
						CreatedOnToolsVersion = 7.2.1;
					};
					2ADC66781C9822C100E5FF7D = {
						CreatedOnToolsVersion = 7.2.1;
						TestTargetID = 2ADC665C1C9822C100E5FF7D;
					};
					2ADC66831C9822C100E5FF7D = {
						CreatedOnToolsVersion = 7.2.1;
						TestTargetID = 2ADC665C1C9822C100E5FF7D;
					};
				};
			};
			buildConfigurationList = 2ADC66581C9822C100E5FF7D /* Build configuration list for PBXProject "WebViewSample" */;
			compatibilityVersion = "Xcode 3.2";
			developmentRegion = English;
			hasScannedForEncodings = 0;
			knownRegions = (
				en,
				Base,
			);
			mainGroup = 2ADC66541C9822C100E5FF7D;
			productRefGroup = 2ADC665E1C9822C100E5FF7D /* Products */;
			projectDirPath = "";
			projectRoot = "";
			targets = (
				2ADC665C1C9822C100E5FF7D /* WebViewSample */,
				2ADC66781C9822C100E5FF7D /* WebViewSampleTests */,
				2ADC66831C9822C100E5FF7D /* WebViewSampleUITests */,
			);
		};
/* End PBXProject section */

/* Begin PBXResourcesBuildPhase section */
		2ADC665B1C9822C100E5FF7D /* Resources */ = {
			isa = PBXResourcesBuildPhase;
			buildActionMask = 2147483647;
			files = (
				2ADC66731C9822C100E5FF7D /* LaunchScreen.storyboard in Resources */,
				2ADC66701C9822C100E5FF7D /* Assets.xcassets in Resources */,
				2ADC666B1C9822C100E5FF7D /* Main.storyboard in Resources */,
			);
			runOnlyForDeploymentPostprocessing = 0;
		};
		2ADC66771C9822C100E5FF7D /* Resources */ = {
			isa = PBXResourcesBuildPhase;
			buildActionMask = 2147483647;
			files = (
			);
			runOnlyForDeploymentPostprocessing = 0;
		};
		2ADC66821C9822C100E5FF7D /* Resources */ = {
			isa = PBXResourcesBuildPhase;
			buildActionMask = 2147483647;
			files = (
			);
			runOnlyForDeploymentPostprocessing = 0;
		};
/* End PBXResourcesBuildPhase section */

/* Begin PBXSourcesBuildPhase section */
		2ADC66591C9822C100E5FF7D /* Sources */ = {
			isa = PBXSourcesBuildPhase;
			buildActionMask = 2147483647;
			files = (
				2ADC66681C9822C100E5FF7D /* ViewController.m in Sources */,
				2ADC666E1C9822C100E5FF7D /* WebViewSample.xcdatamodeld in Sources */,
				2ADC66651C9822C100E5FF7D /* AppDelegate.m in Sources */,
				2ADC66621C9822C100E5FF7D /* main.m in Sources */,
			);
			runOnlyForDeploymentPostprocessing = 0;
		};
		2ADC66751C9822C100E5FF7D /* Sources */ = {
			isa = PBXSourcesBuildPhase;
			buildActionMask = 2147483647;
			files = (
				2ADC667E1C9822C100E5FF7D /* WebViewSampleTests.m in Sources */,
			);
			runOnlyForDeploymentPostprocessing = 0;
		};
		2ADC66801C9822C100E5FF7D /* Sources */ = {
			isa = PBXSourcesBuildPhase;
			buildActionMask = 2147483647;
			files = (
				2ADC66891C9822C100E5FF7D /* WebViewSampleUITests.m in Sources */,
			);
			runOnlyForDeploymentPostprocessing = 0;
		};
/* End PBXSourcesBuildPhase section */

/* Begin PBXTargetDependency section */
		2ADC667B1C9822C100E5FF7D /* PBXTargetDependency */ = {
			isa = PBXTargetDependency;
			target = 2ADC665C1C9822C100E5FF7D /* WebViewSample */;
			targetProxy = 2ADC667A1C9822C100E5FF7D /* PBXContainerItemProxy */;
		};
		2ADC66861C9822C100E5FF7D /* PBXTargetDependency */ = {
			isa = PBXTargetDependency;
			target = 2ADC665C1C9822C100E5FF7D /* WebViewSample */;
			targetProxy = 2ADC66851C9822C100E5FF7D /* PBXContainerItemProxy */;
		};
/* End PBXTargetDependency section */

/* Begin PBXVariantGroup section */
		2ADC66691C9822C100E5FF7D /* Main.storyboard */ = {
			isa = PBXVariantGroup;
			children = (
				2ADC666A1C9822C100E5FF7D /* Base */,
			);
			name = Main.storyboard;
			sourceTree = "<group>";
		};
		2ADC66711C9822C100E5FF7D /* LaunchScreen.storyboard */ = {
			isa = PBXVariantGroup;
			children = (
				2ADC66721C9822C100E5FF7D /* Base */,
			);
			name = LaunchScreen.storyboard;
			sourceTree = "<group>";
		};
/* End PBXVariantGroup section */

/* Begin XCBuildConfiguration section */
		2ADC668B1C9822C100E5FF7D /* Debug */ = {
			isa = XCBuildConfiguration;
			buildSettings = {
				ALWAYS_SEARCH_USER_PATHS = NO;
				CLANG_CXX_LANGUAGE_STANDARD = "gnu++0x";
				CLANG_CXX_LIBRARY = "libc++";
				CLANG_ENABLE_MODULES = YES;
				CLANG_ENABLE_OBJC_ARC = YES;
				CLANG_WARN_BOOL_CONVERSION = YES;
				CLANG_WARN_CONSTANT_CONVERSION = YES;
				CLANG_WARN_DIRECT_OBJC_ISA_USAGE = YES_ERROR;
				CLANG_WARN_EMPTY_BODY = YES;
				CLANG_WARN_ENUM_CONVERSION = YES;
				CLANG_WARN_INT_CONVERSION = YES;
				CLANG_WARN_OBJC_ROOT_CLASS = YES_ERROR;
				CLANG_WARN_UNREACHABLE_CODE = YES;
				CLANG_WARN__DUPLICATE_METHOD_MATCH = YES;
				"CODE_SIGN_IDENTITY[sdk=iphoneos*]" = "iPhone Developer";
				COPY_PHASE_STRIP = NO;
				DEBUG_INFORMATION_FORMAT = dwarf;
				ENABLE_STRICT_OBJC_MSGSEND = YES;
				ENABLE_TESTABILITY = YES;
				GCC_C_LANGUAGE_STANDARD = gnu99;
				GCC_DYNAMIC_NO_PIC = NO;
				GCC_NO_COMMON_BLOCKS = YES;
				GCC_OPTIMIZATION_LEVEL = 0;
				GCC_PREPROCESSOR_DEFINITIONS = (
					"DEBUG=1",
					"$(inherited)",
				);
				GCC_WARN_64_TO_32_BIT_CONVERSION = YES;
				GCC_WARN_ABOUT_RETURN_TYPE = YES_ERROR;
				GCC_WARN_UNDECLARED_SELECTOR = YES;
				GCC_WARN_UNINITIALIZED_AUTOS = YES_AGGRESSIVE;
				GCC_WARN_UNUSED_FUNCTION = YES;
				GCC_WARN_UNUSED_VARIABLE = YES;
				IPHONEOS_DEPLOYMENT_TARGET = 9.2;
				MTL_ENABLE_DEBUG_INFO = YES;
				ONLY_ACTIVE_ARCH = YES;
				SDKROOT = iphoneos;
				TARGETED_DEVICE_FAMILY = "1,2";
			};
			name = Debug;
		};
		2ADC668C1C9822C100E5FF7D /* Release */ = {
			isa = XCBuildConfiguration;
			buildSettings = {
				ALWAYS_SEARCH_USER_PATHS = NO;
				CLANG_CXX_LANGUAGE_STANDARD = "gnu++0x";
				CLANG_CXX_LIBRARY = "libc++";
				CLANG_ENABLE_MODULES = YES;
				CLANG_ENABLE_OBJC_ARC = YES;
				CLANG_WARN_BOOL_CONVERSION = YES;
				CLANG_WARN_CONSTANT_CONVERSION = YES;
				CLANG_WARN_DIRECT_OBJC_ISA_USAGE = YES_ERROR;
				CLANG_WARN_EMPTY_BODY = YES;
				CLANG_WARN_ENUM_CONVERSION = YES;
				CLANG_WARN_INT_CONVERSION = YES;
				CLANG_WARN_OBJC_ROOT_CLASS = YES_ERROR;
				CLANG_WARN_UNREACHABLE_CODE = YES;
				CLANG_WARN__DUPLICATE_METHOD_MATCH = YES;
				"CODE_SIGN_IDENTITY[sdk=iphoneos*]" = "iPhone Developer";
				COPY_PHASE_STRIP = NO;
				DEBUG_INFORMATION_FORMAT = "dwarf-with-dsym";
				ENABLE_NS_ASSERTIONS = NO;
				ENABLE_STRICT_OBJC_MSGSEND = YES;
				GCC_C_LANGUAGE_STANDARD = gnu99;
				GCC_NO_COMMON_BLOCKS = YES;
				GCC_WARN_64_TO_32_BIT_CONVERSION = YES;
				GCC_WARN_ABOUT_RETURN_TYPE = YES_ERROR;
				GCC_WARN_UNDECLARED_SELECTOR = YES;
				GCC_WARN_UNINITIALIZED_AUTOS = YES_AGGRESSIVE;
				GCC_WARN_UNUSED_FUNCTION = YES;
				GCC_WARN_UNUSED_VARIABLE = YES;
				IPHONEOS_DEPLOYMENT_TARGET = 9.2;
				MTL_ENABLE_DEBUG_INFO = NO;
				SDKROOT = iphoneos;
				TARGETED_DEVICE_FAMILY = "1,2";
				VALIDATE_PRODUCT = YES;
			};
			name = Release;
		};
		2ADC668E1C9822C100E5FF7D /* Debug */ = {
			isa = XCBuildConfiguration;
			buildSettings = {
				ASSETCATALOG_COMPILER_APPICON_NAME = AppIcon;
				INFOPLIST_FILE = WebViewSample/Info.plist;
				LD_RUNPATH_SEARCH_PATHS = "$(inherited) @executable_path/Frameworks";
				PRODUCT_BUNDLE_IDENTIFIER = cmars.WebViewSample;
				PRODUCT_NAME = "$(TARGET_NAME)";
			};
			name = Debug;
		};
		2ADC668F1C9822C100E5FF7D /* Release */ = {
			isa = XCBuildConfiguration;
			buildSettings = {
				ASSETCATALOG_COMPILER_APPICON_NAME = AppIcon;
				INFOPLIST_FILE = WebViewSample/Info.plist;
				LD_RUNPATH_SEARCH_PATHS = "$(inherited) @executable_path/Frameworks";
				PRODUCT_BUNDLE_IDENTIFIER = cmars.WebViewSample;
				PRODUCT_NAME = "$(TARGET_NAME)";
			};
			name = Release;
		};
		2ADC66911C9822C100E5FF7D /* Debug */ = {
			isa = XCBuildConfiguration;
			buildSettings = {
				BUNDLE_LOADER = "$(TEST_HOST)";
				INFOPLIST_FILE = WebViewSampleTests/Info.plist;
				LD_RUNPATH_SEARCH_PATHS = "$(inherited) @executable_path/Frameworks @loader_path/Frameworks";
				PRODUCT_BUNDLE_IDENTIFIER = cmars.WebViewSampleTests;
				PRODUCT_NAME = "$(TARGET_NAME)";
				TEST_HOST = "$(BUILT_PRODUCTS_DIR)/WebViewSample.app/WebViewSample";
			};
			name = Debug;
		};
		2ADC66921C9822C100E5FF7D /* Release */ = {
			isa = XCBuildConfiguration;
			buildSettings = {
				BUNDLE_LOADER = "$(TEST_HOST)";
				INFOPLIST_FILE = WebViewSampleTests/Info.plist;
				LD_RUNPATH_SEARCH_PATHS = "$(inherited) @executable_path/Frameworks @loader_path/Frameworks";
				PRODUCT_BUNDLE_IDENTIFIER = cmars.WebViewSampleTests;
				PRODUCT_NAME = "$(TARGET_NAME)";
				TEST_HOST = "$(BUILT_PRODUCTS_DIR)/WebViewSample.app/WebViewSample";
			};
			name = Release;
		};
		2ADC66941C9822C100E5FF7D /* Debug */ = {
			isa = XCBuildConfiguration;
			buildSettings = {
				INFOPLIST_FILE = WebViewSampleUITests/Info.plist;
				LD_RUNPATH_SEARCH_PATHS = "$(inherited) @executable_path/Frameworks @loader_path/Frameworks";
				PRODUCT_BUNDLE_IDENTIFIER = cmars.WebViewSampleUITests;
				PRODUCT_NAME = "$(TARGET_NAME)";
				TEST_TARGET_NAME = WebViewSample;
				USES_XCTRUNNER = YES;
			};
			name = Debug;
		};
		2ADC66951C9822C100E5FF7D /* Release */ = {
			isa = XCBuildConfiguration;
			buildSettings = {
				INFOPLIST_FILE = WebViewSampleUITests/Info.plist;
				LD_RUNPATH_SEARCH_PATHS = "$(inherited) @executable_path/Frameworks @loader_path/Frameworks";
				PRODUCT_BUNDLE_IDENTIFIER = cmars.WebViewSampleUITests;
				PRODUCT_NAME = "$(TARGET_NAME)";
				TEST_TARGET_NAME = WebViewSample;
				USES_XCTRUNNER = YES;
			};
			name = Release;
		};
/* End XCBuildConfiguration section */

/* Begin XCConfigurationList section */
		2ADC66581C9822C100E5FF7D /* Build configuration list for PBXProject "WebViewSample" */ = {
			isa = XCConfigurationList;
			buildConfigurations = (
				2ADC668B1C9822C100E5FF7D /* Debug */,
				2ADC668C1C9822C100E5FF7D /* Release */,
			);
			defaultConfigurationIsVisible = 0;
			defaultConfigurationName = Release;
		};
		2ADC668D1C9822C100E5FF7D /* Build configuration list for PBXNativeTarget "WebViewSample" */ = {
			isa = XCConfigurationList;
			buildConfigurations = (
				2ADC668E1C9822C100E5FF7D /* Debug */,
				2ADC668F1C9822C100E5FF7D /* Release */,
			);
			defaultConfigurationIsVisible = 0;
		};
		2ADC66901C9822C100E5FF7D /* Build configuration list for PBXNativeTarget "WebViewSampleTests" */ = {
			isa = XCConfigurationList;
			buildConfigurations = (
				2ADC66911C9822C100E5FF7D /* Debug */,
				2ADC66921C9822C100E5FF7D /* Release */,
			);
			defaultConfigurationIsVisible = 0;
		};
		2ADC66931C9822C100E5FF7D /* Build configuration list for PBXNativeTarget "WebViewSampleUITests" */ = {
			isa = XCConfigurationList;
			buildConfigurations = (
				2ADC66941C9822C100E5FF7D /* Debug */,
				2ADC66951C9822C100E5FF7D /* Release */,
			);
			defaultConfigurationIsVisible = 0;
		};
/* End XCConfigurationList section */

/* Begin XCVersionGroup section */
		2ADC666C1C9822C100E5FF7D /* WebViewSample.xcdatamodeld */ = {
			isa = XCVersionGroup;
			children = (
				2ADC666D1C9822C100E5FF7D /* WebViewSample.xcdatamodel */,
			);
			currentVersion = 2ADC666D1C9822C100E5FF7D /* WebViewSample.xcdatamodel */;
			path = WebViewSample.xcdatamodeld;
			sourceTree = "<group>";
			versionGroupType = wrapper.xcdatamodel;
		};
/* End XCVersionGroup section */
	};
	rootObject = 2ADC66551C9822C100E5FF7D /* Project object */;
}
